
Microsoft Visual Studio Solution File, Format Version 12.00
# Visual Studio Version 17
VisualStudioVersion = 17.1.32328.378
MinimumVisualStudioVersion = 10.0.40219.1
Project("{2150E333-8FDC-42A3-9474-1A3956D46DE8}") = "Microservices", "Microservices", "{13915AB6-47B8-47D8-B4A7-BF2B3EAE1F20}"
EndProject
Project("{2150E333-8FDC-42A3-9474-1A3956D46DE8}") = "Domain", "Domain", "{F2C4BB54-AB60-4837-8159-E3DCAF2CFB4B}"
EndProject
Project("{2150E333-8FDC-42A3-9474-1A3956D46DE8}") = "Infra.Bus", "Infra.Bus", "{0583CCDE-749C-4B23-95F3-D8AF1AB0BAC2}"
EndProject
Project("{2150E333-8FDC-42A3-9474-1A3956D46DE8}") = "Infra.IoC", "Infra.IoC", "{0AFCB918-3508-431E-B49A-66501C0E2A79}"
EndProject
Project("{2150E333-8FDC-42A3-9474-1A3956D46DE8}") = "Presentation", "Presentation", "{119D7233-FA4E-42B2-B094-092EF7298688}"
EndProject
Project("{9A19103F-16F7-4668-BE54-9A1E7A4F7556}") = "MicroRabbit.Domain.Core", "MicroRabbit.Domain.Core\MicroRabbit.Domain.Core.csproj", "{12355C8E-20BC-439D-97B5-20FCDF48913F}"
EndProject
Project("{9A19103F-16F7-4668-BE54-9A1E7A4F7556}") = "MicroRabbit.Infra.Bus", "MicroRabbit.Infra.Bus\MicroRabbit.Infra.Bus.csproj", "{7E62C633-E897-411D-A1E7-244C937BE740}"
EndProject
Project("{9A19103F-16F7-4668-BE54-9A1E7A4F7556}") = "MicroRabbit.Infra.IoC", "MicroRabbit.Infra.IoC\MicroRabbit.Infra.IoC.csproj", "{BC997ACA-0063-46EC-BAD2-3EBAAD49EA23}"
EndProject
Project("{2150E333-8FDC-42A3-9474-1A3956D46DE8}") = "Banking", "Banking", "{00AD383B-4137-4F40-AE5E-D396BD1E77AB}"
EndProject
Project("{2150E333-8FDC-42A3-9474-1A3956D46DE8}") = "API", "API", "{C16098CA-16E8-40BD-9386-7F9E5D27BB42}"
EndProject
Project("{2150E333-8FDC-42A3-9474-1A3956D46DE8}") = "Domain", "Domain", "{301BF283-A801-4BCC-99CC-A7A47E6052D0}"
EndProject
Project("{2150E333-8FDC-42A3-9474-1A3956D46DE8}") = "Application", "Application", "{D93FBE52-6F5F-45D6-8771-1E87A7081350}"
EndProject
Project("{2150E333-8FDC-42A3-9474-1A3956D46DE8}") = "Data", "Data", "{1209FF72-089E-41D4-8DE6-A86CE0664437}"
EndProject
Project("{9A19103F-16F7-4668-BE54-9A1E7A4F7556}") = "MicroRabbit.Banking.Application", "MicroRabbit.Banking.Application\MicroRabbit.Banking.Application.csproj", "{101D307C-69CE-46FF-A880-8F6F475536C9}"
EndProject
Project("{9A19103F-16F7-4668-BE54-9A1E7A4F7556}") = "MicroRabbit.Banking.Data", "MicroRabbit.Banking.Data\MicroRabbit.Banking.Data.csproj", "{E4E7CDCC-3D8A-4491-A729-8032BD989439}"
EndProject
Project("{9A19103F-16F7-4668-BE54-9A1E7A4F7556}") = "MicroRabbit.Banking.Domain", "MicroRabbit.Banking.Domain\MicroRabbit.Banking.Domain.csproj", "{4B5D4DA0-EAE7-4DAE-822E-E420B9E88DFB}"
EndProject
Project("{FAE04EC0-301F-11D3-BF4B-00C04F79EFBC}") = "MicroRabbit.Banking.API", "MicroRabbit.Banking.API\MicroRabbit.Banking.API.csproj", "{CDEB1D37-4995-45D4-8800-A606E553B5BA}"
EndProject
Global
	GlobalSection(SolutionConfigurationPlatforms) = preSolution
		Debug|Any CPU = Debug|Any CPU
		Release|Any CPU = Release|Any CPU
	EndGlobalSection
	GlobalSection(ProjectConfigurationPlatforms) = postSolution
		{12355C8E-20BC-439D-97B5-20FCDF48913F}.Debug|Any CPU.ActiveCfg = Debug|Any CPU
		{12355C8E-20BC-439D-97B5-20FCDF48913F}.Debug|Any CPU.Build.0 = Debug|Any CPU
		{12355C8E-20BC-439D-97B5-20FCDF48913F}.Release|Any CPU.ActiveCfg = Release|Any CPU
		{12355C8E-20BC-439D-97B5-20FCDF48913F}.Release|Any CPU.Build.0 = Release|Any CPU
		{7E62C633-E897-411D-A1E7-244C937BE740}.Debug|Any CPU.ActiveCfg = Debug|Any CPU
		{7E62C633-E897-411D-A1E7-244C937BE740}.Debug|Any CPU.Build.0 = Debug|Any CPU
		{7E62C633-E897-411D-A1E7-244C937BE740}.Release|Any CPU.ActiveCfg = Release|Any CPU
		{7E62C633-E897-411D-A1E7-244C937BE740}.Release|Any CPU.Build.0 = Release|Any CPU
		{BC997ACA-0063-46EC-BAD2-3EBAAD49EA23}.Debug|Any CPU.ActiveCfg = Debug|Any CPU
		{BC997ACA-0063-46EC-BAD2-3EBAAD49EA23}.Debug|Any CPU.Build.0 = Debug|Any CPU
		{BC997ACA-0063-46EC-BAD2-3EBAAD49EA23}.Release|Any CPU.ActiveCfg = Release|Any CPU
		{BC997ACA-0063-46EC-BAD2-3EBAAD49EA23}.Release|Any CPU.Build.0 = Release|Any CPU
		{101D307C-69CE-46FF-A880-8F6F475536C9}.Debug|Any CPU.ActiveCfg = Debug|Any CPU
		{101D307C-69CE-46FF-A880-8F6F475536C9}.Debug|Any CPU.Build.0 = Debug|Any CPU
		{101D307C-69CE-46FF-A880-8F6F475536C9}.Release|Any CPU.ActiveCfg = Release|Any CPU
		{101D307C-69CE-46FF-A880-8F6F475536C9}.Release|Any CPU.Build.0 = Release|Any CPU
		{E4E7CDCC-3D8A-4491-A729-8032BD989439}.Debug|Any CPU.ActiveCfg = Debug|Any CPU
		{E4E7CDCC-3D8A-4491-A729-8032BD989439}.Debug|Any CPU.Build.0 = Debug|Any CPU
		{E4E7CDCC-3D8A-4491-A729-8032BD989439}.Release|Any CPU.ActiveCfg = Release|Any CPU
		{E4E7CDCC-3D8A-4491-A729-8032BD989439}.Release|Any CPU.Build.0 = Release|Any CPU
		{4B5D4DA0-EAE7-4DAE-822E-E420B9E88DFB}.Debug|Any CPU.ActiveCfg = Debug|Any CPU
		{4B5D4DA0-EAE7-4DAE-822E-E420B9E88DFB}.Debug|Any CPU.Build.0 = Debug|Any CPU
		{4B5D4DA0-EAE7-4DAE-822E-E420B9E88DFB}.Release|Any CPU.ActiveCfg = Release|Any CPU
		{4B5D4DA0-EAE7-4DAE-822E-E420B9E88DFB}.Release|Any CPU.Build.0 = Release|Any CPU
		{CDEB1D37-4995-45D4-8800-A606E553B5BA}.Debug|Any CPU.ActiveCfg = Debug|Any CPU
		{CDEB1D37-4995-45D4-8800-A606E553B5BA}.Debug|Any CPU.Build.0 = Debug|Any CPU
		{CDEB1D37-4995-45D4-8800-A606E553B5BA}.Release|Any CPU.ActiveCfg = Release|Any CPU
		{CDEB1D37-4995-45D4-8800-A606E553B5BA}.Release|Any CPU.Build.0 = Release|Any CPU
	EndGlobalSection
	GlobalSection(SolutionProperties) = preSolution
		HideSolutionNode = FALSE
	EndGlobalSection
	GlobalSection(NestedProjects) = preSolution
		{12355C8E-20BC-439D-97B5-20FCDF48913F} = {F2C4BB54-AB60-4837-8159-E3DCAF2CFB4B}
		{7E62C633-E897-411D-A1E7-244C937BE740} = {0583CCDE-749C-4B23-95F3-D8AF1AB0BAC2}
		{BC997ACA-0063-46EC-BAD2-3EBAAD49EA23} = {0AFCB918-3508-431E-B49A-66501C0E2A79}
		{00AD383B-4137-4F40-AE5E-D396BD1E77AB} = {13915AB6-47B8-47D8-B4A7-BF2B3EAE1F20}
		{C16098CA-16E8-40BD-9386-7F9E5D27BB42} = {00AD383B-4137-4F40-AE5E-D396BD1E77AB}
		{301BF283-A801-4BCC-99CC-A7A47E6052D0} = {00AD383B-4137-4F40-AE5E-D396BD1E77AB}
		{D93FBE52-6F5F-45D6-8771-1E87A7081350} = {00AD383B-4137-4F40-AE5E-D396BD1E77AB}
		{1209FF72-089E-41D4-8DE6-A86CE0664437} = {00AD383B-4137-4F40-AE5E-D396BD1E77AB}
		{101D307C-69CE-46FF-A880-8F6F475536C9} = {D93FBE52-6F5F-45D6-8771-1E87A7081350}
		{E4E7CDCC-3D8A-4491-A729-8032BD989439} = {1209FF72-089E-41D4-8DE6-A86CE0664437}
		{4B5D4DA0-EAE7-4DAE-822E-E420B9E88DFB} = {301BF283-A801-4BCC-99CC-A7A47E6052D0}
		{CDEB1D37-4995-45D4-8800-A606E553B5BA} = {C16098CA-16E8-40BD-9386-7F9E5D27BB42}
	EndGlobalSection
	GlobalSection(ExtensibilityGlobals) = postSolution
		SolutionGuid = {50D4AB37-1476-45AC-AFE4-891C6DD4DBB9}
	EndGlobalSection
EndGlobal
